
Microsoft Visual Studio Solution File, Format Version 12.00
# Visual Studio Version 16
VisualStudioVersion = 16.0.30804.86
MinimumVisualStudioVersion = 10.0.40219.1
Project("{9A19103F-16F7-4668-BE54-9A1E7A4F7556}") = "Kutuphane.Business", "Kutuphane.Business\Kutuphane.Business.csproj", "{86AE69CE-0C28-470C-B302-0C896054DF60}"
EndProject
Project("{9A19103F-16F7-4668-BE54-9A1E7A4F7556}") = "Kutuphane.Core", "Kutuphane.Core\Kutuphane.Core.csproj", "{3AC6B8C3-04A5-443B-8849-793807D4F8C7}"
EndProject
Project("{9A19103F-16F7-4668-BE54-9A1E7A4F7556}") = "Kutuphane.DataAccess", "Kutuphane.DataAccess\Kutuphane.DataAccess.csproj", "{DDA01DCB-B889-49C4-BD19-DB8815DB8C7D}"
EndProject
Project("{9A19103F-16F7-4668-BE54-9A1E7A4F7556}") = "Kutuphane.Entities", "Kutuphane.Entities\Kutuphane.Entities.csproj", "{3AEF3642-0E41-42C2-973B-461F7EB1B36F}"
EndProject
Project("{9A19103F-16F7-4668-BE54-9A1E7A4F7556}") = "Kutuphane.Mvc", "Kutuphane.Mvc\Kutuphane.Mvc.csproj", "{6A887C6A-3552-4DB8-8D3B-B83A245B08C8}"
EndProject
Project("{FAE04EC0-301F-11D3-BF4B-00C04F79EFBC}") = "Kutuphane.WebAPI", "Kutuphane.WebAPI\Kutuphane.WebAPI.csproj", "{BFAD5E87-CAFD-441A-B824-B890538C826D}"
EndProject
Global
	GlobalSection(SolutionConfigurationPlatforms) = preSolution
		Debug|Any CPU = Debug|Any CPU
		Release|Any CPU = Release|Any CPU
	EndGlobalSection
	GlobalSection(ProjectConfigurationPlatforms) = postSolution
		{86AE69CE-0C28-470C-B302-0C896054DF60}.Debug|Any CPU.ActiveCfg = Debug|Any CPU
		{86AE69CE-0C28-470C-B302-0C896054DF60}.Debug|Any CPU.Build.0 = Debug|Any CPU
		{86AE69CE-0C28-470C-B302-0C896054DF60}.Release|Any CPU.ActiveCfg = Release|Any CPU
		{86AE69CE-0C28-470C-B302-0C896054DF60}.Release|Any CPU.Build.0 = Release|Any CPU
		{3AC6B8C3-04A5-443B-8849-793807D4F8C7}.Debug|Any CPU.ActiveCfg = Debug|Any CPU
		{3AC6B8C3-04A5-443B-8849-793807D4F8C7}.Debug|Any CPU.Build.0 = Debug|Any CPU
		{3AC6B8C3-04A5-443B-8849-793807D4F8C7}.Release|Any CPU.ActiveCfg = Release|Any CPU
		{3AC6B8C3-04A5-443B-8849-793807D4F8C7}.Release|Any CPU.Build.0 = Release|Any CPU
		{DDA01DCB-B889-49C4-BD19-DB8815DB8C7D}.Debug|Any CPU.ActiveCfg = Debug|Any CPU
		{DDA01DCB-B889-49C4-BD19-DB8815DB8C7D}.Debug|Any CPU.Build.0 = Debug|Any CPU
		{DDA01DCB-B889-49C4-BD19-DB8815DB8C7D}.Release|Any CPU.ActiveCfg = Release|Any CPU
		{DDA01DCB-B889-49C4-BD19-DB8815DB8C7D}.Release|Any CPU.Build.0 = Release|Any CPU
		{3AEF3642-0E41-42C2-973B-461F7EB1B36F}.Debug|Any CPU.ActiveCfg = Debug|Any CPU
		{3AEF3642-0E41-42C2-973B-461F7EB1B36F}.Debug|Any CPU.Build.0 = Debug|Any CPU
		{3AEF3642-0E41-42C2-973B-461F7EB1B36F}.Release|Any CPU.ActiveCfg = Release|Any CPU
		{3AEF3642-0E41-42C2-973B-461F7EB1B36F}.Release|Any CPU.Build.0 = Release|Any CPU
		{6A887C6A-3552-4DB8-8D3B-B83A245B08C8}.Debug|Any CPU.ActiveCfg = Debug|Any CPU
		{6A887C6A-3552-4DB8-8D3B-B83A245B08C8}.Debug|Any CPU.Build.0 = Debug|Any CPU
		{6A887C6A-3552-4DB8-8D3B-B83A245B08C8}.Release|Any CPU.ActiveCfg = Release|Any CPU
		{6A887C6A-3552-4DB8-8D3B-B83A245B08C8}.Release|Any CPU.Build.0 = Release|Any CPU
		{BFAD5E87-CAFD-441A-B824-B890538C826D}.Debug|Any CPU.ActiveCfg = Debug|Any CPU
		{BFAD5E87-CAFD-441A-B824-B890538C826D}.Debug|Any CPU.Build.0 = Debug|Any CPU
		{BFAD5E87-CAFD-441A-B824-B890538C826D}.Release|Any CPU.ActiveCfg = Release|Any CPU
		{BFAD5E87-CAFD-441A-B824-B890538C826D}.Release|Any CPU.Build.0 = Release|Any CPU
	EndGlobalSection
	GlobalSection(SolutionProperties) = preSolution
		HideSolutionNode = FALSE
	EndGlobalSection
	GlobalSection(ExtensibilityGlobals) = postSolution
		SolutionGuid = {FB2245EE-7796-47E2-8625-8245CDE0E1C4}
	EndGlobalSection
EndGlobal
